Microsoft Visual Studio Solution File, Format Version 12.00
# Visual Studio Version 17
VisualStudioVersion = 17.5.2.0
MinimumVisualStudioVersion = 10.0.40219.1
Project("{FAE04EC0-301F-11D3-BF4B-00C04F79EFBC}") = "Aventureo-Back", "Aventureo-Back.csproj", "{AE581F14-CBD2-E507-5A24-626FC4D48517}"
EndProject
Global
	GlobalSection(SolutionConfigurationPlatforms) = preSolution
		Debug|Any CPU = Debug|Any CPU
		Release|Any CPU = Release|Any CPU
	EndGlobalSection
	GlobalSection(ProjectConfigurationPlatforms) = postSolution
		{AE581F14-CBD2-E507-5A24-626FC4D48517}.Debug|Any CPU.ActiveCfg = Debug|Any CPU
		{AE581F14-CBD2-E507-5A24-626FC4D48517}.Debug|Any CPU.Build.0 = Debug|Any CPU
		{AE581F14-CBD2-E507-5A24-626FC4D48517}.Release|Any CPU.ActiveCfg = Release|Any CPU
		{AE581F14-CBD2-E507-5A24-626FC4D48517}.Release|Any CPU.Build.0 = Release|Any CPU
	EndGlobalSection
	GlobalSection(SolutionProperties) = preSolution
		HideSolutionNode = FALSE
	EndGlobalSection
	GlobalSection(ExtensibilityGlobals) = postSolution
		SolutionGuid = {45EAB351-29A8-45F0-89E8-7B33D4ACF345}
	EndGlobalSection
EndGlobal
